
Microsoft Visual Studio Solution File, Format Version 12.00
# Visual Studio Version 16
VisualStudioVersion = 16.0.29020.237
MinimumVisualStudioVersion = 10.0.40219.1
Project("{FAE04EC0-301F-11D3-BF4B-00C04F79EFBC}") = "Lab8", "Lab8\Lab8.csproj", "{360F3B25-8F63-472B-AA66-F3EC0DA2AC33}"
EndProject
Project("{FAE04EC0-301F-11D3-BF4B-00C04F79EFBC}") = "UnitTestProject1", "UnitTestProject1\UnitTestProject1.csproj", "{16D03F96-D296-401C-91F3-4D45B28E9572}"
EndProject
Global
	GlobalSection(SolutionConfigurationPlatforms) = preSolution
		Debug|Any CPU = Debug|Any CPU
		Release|Any CPU = Release|Any CPU
	EndGlobalSection
	GlobalSection(ProjectConfigurationPlatforms) = postSolution
		{360F3B25-8F63-472B-AA66-F3EC0DA2AC33}.Debug|Any CPU.ActiveCfg = Debug|Any CPU
		{360F3B25-8F63-472B-AA66-F3EC0DA2AC33}.Debug|Any CPU.Build.0 = Debug|Any CPU
		{360F3B25-8F63-472B-AA66-F3EC0DA2AC33}.Release|Any CPU.ActiveCfg = Release|Any CPU
		{360F3B25-8F63-472B-AA66-F3EC0DA2AC33}.Release|Any CPU.Build.0 = Release|Any CPU
		{16D03F96-D296-401C-91F3-4D45B28E9572}.Debug|Any CPU.ActiveCfg = Debug|Any CPU
		{16D03F96-D296-401C-91F3-4D45B28E9572}.Debug|Any CPU.Build.0 = Debug|Any CPU
		{16D03F96-D296-401C-91F3-4D45B28E9572}.Release|Any CPU.ActiveCfg = Release|Any CPU
		{16D03F96-D296-401C-91F3-4D45B28E9572}.Release|Any CPU.Build.0 = Release|Any CPU
	EndGlobalSection
	GlobalSection(SolutionProperties) = preSolution
		HideSolutionNode = FALSE
	EndGlobalSection
	GlobalSection(ExtensibilityGlobals) = postSolution
		SolutionGuid = {5F5C5770-7DA4-49B6-AAA8-C4244C49FED4}
	EndGlobalSection
EndGlobal
